
Microsoft Visual Studio Solution File, Format Version 12.00
# Visual Studio Version 16
VisualStudioVersion = 16.0.32106.194
MinimumVisualStudioVersion = 10.0.40219.1
Project("{8BC9CEB8-8B4A-11D0-8D11-00A0C91BC942}") = "ChamferAddAndDelete", "ChamferAddAndDelete\ChamferAddAndDelete.vcxproj", "{B724FF42-75DB-4BB2-9FB7-80C747FEEA6C}"
EndProject
Global
	GlobalSection(SolutionConfigurationPlatforms) = preSolution
		Debug|x64 = Debug|x64
		Release|x64 = Release|x64
	EndGlobalSection
	GlobalSection(ProjectConfigurationPlatforms) = postSolution
		{B724FF42-75DB-4BB2-9FB7-80C747FEEA6C}.Debug|x64.ActiveCfg = Debug|x64
		{B724FF42-75DB-4BB2-9FB7-80C747FEEA6C}.Debug|x64.Build.0 = Debug|x64
		{B724FF42-75DB-4BB2-9FB7-80C747FEEA6C}.Release|x64.ActiveCfg = Release|x64
		{B724FF42-75DB-4BB2-9FB7-80C747FEEA6C}.Release|x64.Build.0 = Release|x64
	EndGlobalSection
	GlobalSection(SolutionProperties) = preSolution
		HideSolutionNode = FALSE
	EndGlobalSection
	GlobalSection(ExtensibilityGlobals) = postSolution
		SolutionGuid = {06C22112-883D-4DBE-B8D2-7845BED84EB9}
	EndGlobalSection
EndGlobal
